
Microsoft Visual Studio Solution File, Format Version 12.00
# Visual Studio Version 17
VisualStudioVersion = 17.6.33723.286
MinimumVisualStudioVersion = 10.0.40219.1
Project("{9A19103F-16F7-4668-BE54-9A1E7A4F7556}") = "WebApplication1", "WebApplication1.csproj", "{B09AC080-EEB8-4CD2-9E42-BB3369E0E3F2}"
EndProject
Project("{9A19103F-16F7-4668-BE54-9A1E7A4F7556}") = "Pharm.DAL", "..\db.DAL\Pharm.DAL.csproj", "{4FD5C418-8C30-409F-9DE8-45C97C2F7328}"
EndProject
Project("{9A19103F-16F7-4668-BE54-9A1E7A4F7556}") = "Pharm.DLL", "..\Pharm.DLL\Pharm.DLL.csproj", "{1410219F-ABEB-4CAE-B2C8-0F0073C057B0}"
EndProject
Global
	GlobalSection(SolutionConfigurationPlatforms) = preSolution
		Debug|Any CPU = Debug|Any CPU
		Release|Any CPU = Release|Any CPU
	EndGlobalSection
	GlobalSection(ProjectConfigurationPlatforms) = postSolution
		{B09AC080-EEB8-4CD2-9E42-BB3369E0E3F2}.Debug|Any CPU.ActiveCfg = Debug|Any CPU
		{B09AC080-EEB8-4CD2-9E42-BB3369E0E3F2}.Debug|Any CPU.Build.0 = Debug|Any CPU
		{B09AC080-EEB8-4CD2-9E42-BB3369E0E3F2}.Release|Any CPU.ActiveCfg = Release|Any CPU
		{B09AC080-EEB8-4CD2-9E42-BB3369E0E3F2}.Release|Any CPU.Build.0 = Release|Any CPU
		{4FD5C418-8C30-409F-9DE8-45C97C2F7328}.Debug|Any CPU.ActiveCfg = Debug|Any CPU
		{4FD5C418-8C30-409F-9DE8-45C97C2F7328}.Debug|Any CPU.Build.0 = Debug|Any CPU
		{4FD5C418-8C30-409F-9DE8-45C97C2F7328}.Release|Any CPU.ActiveCfg = Release|Any CPU
		{4FD5C418-8C30-409F-9DE8-45C97C2F7328}.Release|Any CPU.Build.0 = Release|Any CPU
		{1410219F-ABEB-4CAE-B2C8-0F0073C057B0}.Debug|Any CPU.ActiveCfg = Debug|Any CPU
		{1410219F-ABEB-4CAE-B2C8-0F0073C057B0}.Debug|Any CPU.Build.0 = Debug|Any CPU
		{1410219F-ABEB-4CAE-B2C8-0F0073C057B0}.Release|Any CPU.ActiveCfg = Release|Any CPU
		{1410219F-ABEB-4CAE-B2C8-0F0073C057B0}.Release|Any CPU.Build.0 = Release|Any CPU
	EndGlobalSection
	GlobalSection(SolutionProperties) = preSolution
		HideSolutionNode = FALSE
	EndGlobalSection
	GlobalSection(ExtensibilityGlobals) = postSolution
		SolutionGuid = {7FE08134-F59C-48AC-A5AB-9373345C7E71}
	EndGlobalSection
EndGlobal
